
Microsoft Visual Studio Solution File, Format Version 12.00
# Visual Studio Version 17
VisualStudioVersion = 17.14.36408.4
MinimumVisualStudioVersion = 10.0.40219.1
Project("{FAE04EC0-301F-11D3-BF4B-00C04F79EFBC}") = "EstoqueApi", "EstoqueApi.csproj", "{B6D3E7F9-19AF-4A7F-9F63-B9AFCB13A251}"
EndProject
Global
	GlobalSection(SolutionConfigurationPlatforms) = preSolution
		Debug|Any CPU = Debug|Any CPU
		Release|Any CPU = Release|Any CPU
	EndGlobalSection
	GlobalSection(ProjectConfigurationPlatforms) = postSolution
		{B6D3E7F9-19AF-4A7F-9F63-B9AFCB13A251}.Debug|Any CPU.ActiveCfg = Debug|Any CPU
		{B6D3E7F9-19AF-4A7F-9F63-B9AFCB13A251}.Debug|Any CPU.Build.0 = Debug|Any CPU
		{B6D3E7F9-19AF-4A7F-9F63-B9AFCB13A251}.Release|Any CPU.ActiveCfg = Release|Any CPU
		{B6D3E7F9-19AF-4A7F-9F63-B9AFCB13A251}.Release|Any CPU.Build.0 = Release|Any CPU
	EndGlobalSection
	GlobalSection(SolutionProperties) = preSolution
		HideSolutionNode = FALSE
	EndGlobalSection
	GlobalSection(ExtensibilityGlobals) = postSolution
		SolutionGuid = {62E3DF74-2EE8-44D6-92C2-546A058BBD47}
	EndGlobalSection
EndGlobal
